// !$*UTF8*$!
{
	archiveVersion = 1;
	classes = {
	};
	objectVersion = 46;
	objects = {

/* Begin PBXBuildFile section */
		772C8F801A1B8C9200162C47 /* main.m in Sources */ = {isa = PBXBuildFile; fileRef = 772C8F7F1A1B8C9200162C47 /* main.m */; };
		772C8F831A1B8C9200162C47 /* AppDelegate.m in Sources */ = {isa = PBXBuildFile; fileRef = 772C8F821A1B8C9200162C47 /* AppDelegate.m */; };
		772C8F861A1B8C9200162C47 /* ViewController.m in Sources */ = {isa = PBXBuildFile; fileRef = 772C8F851A1B8C9200162C47 /* ViewController.m */; };
		772C8F891A1B8C9200162C47 /* Main.storyboard in Resources */ = {isa = PBXBuildFile; fileRef = 772C8F871A1B8C9200162C47 /* Main.storyboard */; };
		772C8F8B1A1B8C9200162C47 /* Images.xcassets in Resources */ = {isa = PBXBuildFile; fileRef = 772C8F8A1A1B8C9200162C47 /* Images.xcassets */; };
		772C8F8E1A1B8C9200162C47 /* LaunchScreen.xib in Resources */ = {isa = PBXBuildFile; fileRef = 772C8F8C1A1B8C9200162C47 /* LaunchScreen.xib */; };
		772C8F9A1A1B8C9200162C47 /* AudioFilesTests.m in Sources */ = {isa = PBXBuildFile; fileRef = 772C8F991A1B8C9200162C47 /* AudioFilesTests.m */; };
		774BFC3C1A1C095C00369D4C /* GDriveDownload.m in Sources */ = {isa = PBXBuildFile; fileRef = 774BFC3B1A1C095C00369D4C /* GDriveDownload.m */; };
/* End PBXBuildFile section */

/* Begin PBXContainerItemProxy section */
		772C8F941A1B8C9200162C47 /* PBXContainerItemProxy */ = {
			isa = PBXContainerItemProxy;
			containerPortal = 772C8F721A1B8C9200162C47 /* Project object */;
			proxyType = 1;
			remoteGlobalIDString = 772C8F791A1B8C9200162C47;
			remoteInfo = AudioFiles;
		};
/* End PBXContainerItemProxy section */

/* Begin PBXFileReference section */
		772C8F7A1A1B8C9200162C47 /* AudioFiles.app */ = {isa = PBXFileReference; explicitFileType = wrapper.application; includeInIndex = 0; path = AudioFiles.app; sourceTree = BUILT_PRODUCTS_DIR; };
		772C8F7E1A1B8C9200162C47 /* Info.plist */ = {isa = PBXFileReference; lastKnownFileType = text.plist.xml; path = Info.plist; sourceTree = "<group>"; };
		772C8F7F1A1B8C9200162C47 /* main.m */ = {isa = PBXFileReference; lastKnownFileType = sourcecode.c.objc; path = main.m; sourceTree = "<group>"; };
		772C8F811A1B8C9200162C47 /* AppDelegate.h */ = {isa = PBXFileReference; lastKnownFileType = sourcecode.c.h; path = AppDelegate.h; sourceTree = "<group>"; };
		772C8F821A1B8C9200162C47 /* AppDelegate.m */ = {isa = PBXFileReference; lastKnownFileType = sourcecode.c.objc; path = AppDelegate.m; sourceTree = "<group>"; };
		772C8F841A1B8C9200162C47 /* ViewController.h */ = {isa = PBXFileReference; lastKnownFileType = sourcecode.c.h; path = ViewController.h; sourceTree = "<group>"; };
		772C8F851A1B8C9200162C47 /* ViewController.m */ = {isa = PBXFileReference; lastKnownFileType = sourcecode.c.objc; path = ViewController.m; sourceTree = "<group>"; };
		772C8F881A1B8C9200162C47 /* Base */ = {isa = PBXFileReference; lastKnownFileType = file.storyboard; name = Base; path = Base.lproj/Main.storyboard; sourceTree = "<group>"; };
		772C8F8A1A1B8C9200162C47 /* Images.xcassets */ = {isa = PBXFileReference; lastKnownFileType = folder.assetcatalog; path = Images.xcassets; sourceTree = "<group>"; };
		772C8F8D1A1B8C9200162C47 /* Base */ = {isa = PBXFileReference; lastKnownFileType = file.xib; name = Base; path = Base.lproj/LaunchScreen.xib; sourceTree = "<group>"; };
		772C8F931A1B8C9200162C47 /* AudioFilesTests.xctest */ = {isa = PBXFileReference; explicitFileType = wrapper.cfbundle; includeInIndex = 0; path = AudioFilesTests.xctest; sourceTree = BUILT_PRODUCTS_DIR; };
		772C8F981A1B8C9200162C47 /* Info.plist */ = {isa = PBXFileReference; lastKnownFileType = text.plist.xml; path = Info.plist; sourceTree = "<group>"; };
		772C8F991A1B8C9200162C47 /* AudioFilesTests.m */ = {isa = PBXFileReference; lastKnownFileType = sourcecode.c.objc; path = AudioFilesTests.m; sourceTree = "<group>"; };
		774BFC3A1A1C095C00369D4C /* GDriveDownload.h */ = {isa = PBXFileReference; fileEncoding = 4; lastKnownFileType = sourcecode.c.h; path = GDriveDownload.h; sourceTree = "<group>"; };
		774BFC3B1A1C095C00369D4C /* GDriveDownload.m */ = {isa = PBXFileReference; fileEncoding = 4; lastKnownFileType = sourcecode.c.objc; path = GDriveDownload.m; sourceTree = "<group>"; };
/* End PBXFileReference section */

/* Begin PBXFrameworksBuildPhase section */
		772C8F771A1B8C9200162C47 /* Frameworks */ = {
			isa = PBXFrameworksBuildPhase;
			buildActionMask = 2147483647;
			files = (
			);
			runOnlyForDeploymentPostprocessing = 0;
		};
		772C8F901A1B8C9200162C47 /* Frameworks */ = {
			isa = PBXFrameworksBuildPhase;
			buildActionMask = 2147483647;
			files = (
			);
			runOnlyForDeploymentPostprocessing = 0;
		};
/* End PBXFrameworksBuildPhase section */

/* Begin PBXGroup section */
		772C8F711A1B8C9200162C47 = {
			isa = PBXGroup;
			children = (
				772C8F7C1A1B8C9200162C47 /* AudioFiles */,
				772C8F961A1B8C9200162C47 /* AudioFilesTests */,
				772C8F7B1A1B8C9200162C47 /* Products */,
			);
			sourceTree = "<group>";
		};
		772C8F7B1A1B8C9200162C47 /* Products */ = {
			isa = PBXGroup;
			children = (
				772C8F7A1A1B8C9200162C47 /* AudioFiles.app */,
				772C8F931A1B8C9200162C47 /* AudioFilesTests.xctest */,
			);
			name = Products;
			sourceTree = "<group>";
		};
		772C8F7C1A1B8C9200162C47 /* AudioFiles */ = {
			isa = PBXGroup;
			children = (
				772C8F811A1B8C9200162C47 /* AppDelegate.h */,
				772C8F821A1B8C9200162C47 /* AppDelegate.m */,
				774BFC3A1A1C095C00369D4C /* GDriveDownload.h */,
				774BFC3B1A1C095C00369D4C /* GDriveDownload.m */,
				772C8F8A1A1B8C9200162C47 /* Images.xcassets */,
				772C8F8C1A1B8C9200162C47 /* LaunchScreen.xib */,
				772C8F871A1B8C9200162C47 /* Main.storyboard */,
				772C8F7D1A1B8C9200162C47 /* Supporting Files */,
				772C8F841A1B8C9200162C47 /* ViewController.h */,
				772C8F851A1B8C9200162C47 /* ViewController.m */,
			);
			path = AudioFiles;
			sourceTree = "<group>";
		};
		772C8F7D1A1B8C9200162C47 /* Supporting Files */ = {
			isa = PBXGroup;
			children = (
				772C8F7E1A1B8C9200162C47 /* Info.plist */,
				772C8F7F1A1B8C9200162C47 /* main.m */,
			);
			name = "Supporting Files";
			sourceTree = "<group>";
		};
		772C8F961A1B8C9200162C47 /* AudioFilesTests */ = {
			isa = PBXGroup;
			children = (
				772C8F991A1B8C9200162C47 /* AudioFilesTests.m */,
				772C8F971A1B8C9200162C47 /* Supporting Files */,
			);
			path = AudioFilesTests;
			sourceTree = "<group>";
		};
		772C8F971A1B8C9200162C47 /* Supporting Files */ = {
			isa = PBXGroup;
			children = (
				772C8F981A1B8C9200162C47 /* Info.plist */,
			);
			name = "Supporting Files";
			sourceTree = "<group>";
		};
/* End PBXGroup section */

/* Begin PBXNativeTarget section */
		772C8F791A1B8C9200162C47 /* AudioFiles */ = {
			isa = PBXNativeTarget;
			buildConfigurationList = 772C8F9D1A1B8C9200162C47 /* Build configuration list for PBXNativeTarget "AudioFiles" */;
			buildPhases = (
				772C8F761A1B8C9200162C47 /* Sources */,
				772C8F771A1B8C9200162C47 /* Frameworks */,
				772C8F781A1B8C9200162C47 /* Resources */,
			);
			buildRules = (
			);
			dependencies = (
			);
			name = AudioFiles;
			productName = AudioFiles;
			productReference = 772C8F7A1A1B8C9200162C47 /* AudioFiles.app */;
			productType = "com.apple.product-type.application";
		};
		772C8F921A1B8C9200162C47 /* AudioFilesTests */ = {
			isa = PBXNativeTarget;
			buildConfigurationList = 772C8FA01A1B8C9200162C47 /* Build configuration list for PBXNativeTarget "AudioFilesTests" */;
			buildPhases = (
				772C8F8F1A1B8C9200162C47 /* Sources */,
				772C8F901A1B8C9200162C47 /* Frameworks */,
				772C8F911A1B8C9200162C47 /* Resources */,
			);
			buildRules = (
			);
			dependencies = (
				772C8F951A1B8C9200162C47 /* PBXTargetDependency */,
			);
			name = AudioFilesTests;
			productName = AudioFilesTests;
			productReference = 772C8F931A1B8C9200162C47 /* AudioFilesTests.xctest */;
			productType = "com.apple.product-type.bundle.unit-test";
		};
/* End PBXNativeTarget section */

/* Begin PBXProject section */
		772C8F721A1B8C9200162C47 /* Project object */ = {
			isa = PBXProject;
			attributes = {
				LastUpgradeCheck = 0610;
				ORGANIZATIONNAME = "Alexey Boyko";
				TargetAttributes = {
					772C8F791A1B8C9200162C47 = {
						CreatedOnToolsVersion = 6.1;
					};
					772C8F921A1B8C9200162C47 = {
						CreatedOnToolsVersion = 6.1;
						TestTargetID = 772C8F791A1B8C9200162C47;
					};
				};
			};
			buildConfigurationList = 772C8F751A1B8C9200162C47 /* Build configuration list for PBXProject "AudioFiles" */;
			compatibilityVersion = "Xcode 3.2";
			developmentRegion = English;
			hasScannedForEncodings = 0;
			knownRegions = (
				en,
				Base,
			);
			mainGroup = 772C8F711A1B8C9200162C47;
			productRefGroup = 772C8F7B1A1B8C9200162C47 /* Products */;
			projectDirPath = "";
			projectRoot = "";
			targets = (
				772C8F791A1B8C9200162C47 /* AudioFiles */,
				772C8F921A1B8C9200162C47 /* AudioFilesTests */,
			);
		};
/* End PBXProject section */

/* Begin PBXResourcesBuildPhase section */
		772C8F781A1B8C9200162C47 /* Resources */ = {
			isa = PBXResourcesBuildPhase;
			buildActionMask = 2147483647;
			files = (
				772C8F891A1B8C9200162C47 /* Main.storyboard in Resources */,
				772C8F8E1A1B8C9200162C47 /* LaunchScreen.xib in Resources */,
				772C8F8B1A1B8C9200162C47 /* Images.xcassets in Resources */,
			);
			runOnlyForDeploymentPostprocessing = 0;
		};
		772C8F911A1B8C9200162C47 /* Resources */ = {
			isa = PBXResourcesBuildPhase;
			buildActionMask = 2147483647;
			files = (
			);
			runOnlyForDeploymentPostprocessing = 0;
		};
/* End PBXResourcesBuildPhase section */

/* Begin PBXSourcesBuildPhase section */
		772C8F761A1B8C9200162C47 /* Sources */ = {
			isa = PBXSourcesBuildPhase;
			buildActionMask = 2147483647;
			files = (
				772C8F861A1B8C9200162C47 /* ViewController.m in Sources */,
				774BFC3C1A1C095C00369D4C /* GDriveDownload.m in Sources */,
				772C8F831A1B8C9200162C47 /* AppDelegate.m in Sources */,
				772C8F801A1B8C9200162C47 /* main.m in Sources */,
			);
			runOnlyForDeploymentPostprocessing = 0;
		};
		772C8F8F1A1B8C9200162C47 /* Sources */ = {
			isa = PBXSourcesBuildPhase;
			buildActionMask = 2147483647;
			files = (
				772C8F9A1A1B8C9200162C47 /* AudioFilesTests.m in Sources */,
			);
			runOnlyForDeploymentPostprocessing = 0;
		};
/* End PBXSourcesBuildPhase section */

/* Begin PBXTargetDependency section */
		772C8F951A1B8C9200162C47 /* PBXTargetDependency */ = {
			isa = PBXTargetDependency;
			target = 772C8F791A1B8C9200162C47 /* AudioFiles */;
			targetProxy = 772C8F941A1B8C9200162C47 /* PBXContainerItemProxy */;
		};
/* End PBXTargetDependency section */

/* Begin PBXVariantGroup section */
		772C8F871A1B8C9200162C47 /* Main.storyboard */ = {
			isa = PBXVariantGroup;
			children = (
				772C8F881A1B8C9200162C47 /* Base */,
			);
			name = Main.storyboard;
			sourceTree = "<group>";
		};
		772C8F8C1A1B8C9200162C47 /* LaunchScreen.xib */ = {
			isa = PBXVariantGroup;
			children = (
				772C8F8D1A1B8C9200162C47 /* Base */,
			);
			name = LaunchScreen.xib;
			sourceTree = "<group>";
		};
/* End PBXVariantGroup section */

/* Begin XCBuildConfiguration section */
		772C8F9B1A1B8C9200162C47 /* Debug */ = {
			isa = XCBuildConfiguration;
			buildSettings = {
				ALWAYS_SEARCH_USER_PATHS = NO;
				CLANG_CXX_LANGUAGE_STANDARD = "gnu++0x";
				CLANG_CXX_LIBRARY = "libc++";
				CLANG_ENABLE_MODULES = YES;
				CLANG_ENABLE_OBJC_ARC = YES;
				CLANG_WARN_BOOL_CONVERSION = YES;
				CLANG_WARN_CONSTANT_CONVERSION = YES;
				CLANG_WARN_DIRECT_OBJC_ISA_USAGE = YES_ERROR;
				CLANG_WARN_EMPTY_BODY = YES;
				CLANG_WARN_ENUM_CONVERSION = YES;
				CLANG_WARN_INT_CONVERSION = YES;
				CLANG_WARN_OBJC_ROOT_CLASS = YES_ERROR;
				CLANG_WARN_UNREACHABLE_CODE = YES;
				CLANG_WARN__DUPLICATE_METHOD_MATCH = YES;
				"CODE_SIGN_IDENTITY[sdk=iphoneos*]" = "iPhone Developer";
				COPY_PHASE_STRIP = NO;
				ENABLE_STRICT_OBJC_MSGSEND = YES;
				GCC_C_LANGUAGE_STANDARD = gnu99;
				GCC_DYNAMIC_NO_PIC = NO;
				GCC_OPTIMIZATION_LEVEL = 0;
				GCC_PREPROCESSOR_DEFINITIONS = (
					"DEBUG=1",
					"$(inherited)",
				);
				GCC_SYMBOLS_PRIVATE_EXTERN = NO;
				GCC_WARN_64_TO_32_BIT_CONVERSION = YES;
				GCC_WARN_ABOUT_RETURN_TYPE = YES_ERROR;
				GCC_WARN_UNDECLARED_SELECTOR = YES;
				GCC_WARN_UNINITIALIZED_AUTOS = YES_AGGRESSIVE;
				GCC_WARN_UNUSED_FUNCTION = YES;
				GCC_WARN_UNUSED_VARIABLE = YES;
				IPHONEOS_DEPLOYMENT_TARGET = 8.1;
				MTL_ENABLE_DEBUG_INFO = YES;
				ONLY_ACTIVE_ARCH = YES;
				SDKROOT = iphoneos;
				TARGETED_DEVICE_FAMILY = "1,2";
			};
			name = Debug;
		};
		772C8F9C1A1B8C9200162C47 /* Release */ = {
			isa = XCBuildConfiguration;
			buildSettings = {
				ALWAYS_SEARCH_USER_PATHS = NO;
				CLANG_CXX_LANGUAGE_STANDARD = "gnu++0x";
				CLANG_CXX_LIBRARY = "libc++";
				CLANG_ENABLE_MODULES = YES;
				CLANG_ENABLE_OBJC_ARC = YES;
				CLANG_WARN_BOOL_CONVERSION = YES;
				CLANG_WARN_CONSTANT_CONVERSION = YES;
				CLANG_WARN_DIRECT_OBJC_ISA_USAGE = YES_ERROR;
				CLANG_WARN_EMPTY_BODY = YES;
				CLANG_WARN_ENUM_CONVERSION = YES;
				CLANG_WARN_INT_CONVERSION = YES;
				CLANG_WARN_OBJC_ROOT_CLASS = YES_ERROR;
				CLANG_WARN_UNREACHABLE_CODE = YES;
				CLANG_WARN__DUPLICATE_METHOD_MATCH = YES;
				"CODE_SIGN_IDENTITY[sdk=iphoneos*]" = "iPhone Developer";
				COPY_PHASE_STRIP = YES;
				ENABLE_NS_ASSERTIONS = NO;
				ENABLE_STRICT_OBJC_MSGSEND = YES;
				GCC_C_LANGUAGE_STANDARD = gnu99;
				GCC_WARN_64_TO_32_BIT_CONVERSION = YES;
				GCC_WARN_ABOUT_RETURN_TYPE = YES_ERROR;
				GCC_WARN_UNDECLARED_SELECTOR = YES;
				GCC_WARN_UNINITIALIZED_AUTOS = YES_AGGRESSIVE;
				GCC_WARN_UNUSED_FUNCTION = YES;
				GCC_WARN_UNUSED_VARIABLE = YES;
				IPHONEOS_DEPLOYMENT_TARGET = 8.1;
				MTL_ENABLE_DEBUG_INFO = NO;
				SDKROOT = iphoneos;
				TARGETED_DEVICE_FAMILY = "1,2";
				VALIDATE_PRODUCT = YES;
			};
			name = Release;
		};
		772C8F9E1A1B8C9200162C47 /* Debug */ = {
			isa = XCBuildConfiguration;
			buildSettings = {
				ASSETCATALOG_COMPILER_APPICON_NAME = AppIcon;
				INFOPLIST_FILE = AudioFiles/Info.plist;
				LD_RUNPATH_SEARCH_PATHS = "$(inherited) @executable_path/Frameworks";
				PRODUCT_NAME = "$(TARGET_NAME)";
			};
			name = Debug;
		};
		772C8F9F1A1B8C9200162C47 /* Release */ = {
			isa = XCBuildConfiguration;
			buildSettings = {
				ASSETCATALOG_COMPILER_APPICON_NAME = AppIcon;
				INFOPLIST_FILE = AudioFiles/Info.plist;
				LD_RUNPATH_SEARCH_PATHS = "$(inherited) @executable_path/Frameworks";
				PRODUCT_NAME = "$(TARGET_NAME)";
			};
			name = Release;
		};
		772C8FA11A1B8C9200162C47 /* Debug */ = {
			isa = XCBuildConfiguration;
			buildSettings = {
				BUNDLE_LOADER = "$(TEST_HOST)";
				FRAMEWORK_SEARCH_PATHS = (
					"$(SDKROOT)/Developer/Library/Frameworks",
					"$(inherited)",
				);
				GCC_PREPROCESSOR_DEFINITIONS = (
					"DEBUG=1",
					"$(inherited)",
				);
				INFOPLIST_FILE = AudioFilesTests/Info.plist;
				LD_RUNPATH_SEARCH_PATHS = "$(inherited) @executable_path/Frameworks @loader_path/Frameworks";
				PRODUCT_NAME = "$(TARGET_NAME)";
				TEST_HOST = "$(BUILT_PRODUCTS_DIR)/AudioFiles.app/AudioFiles";
			};
			name = Debug;
		};
		772C8FA21A1B8C9200162C47 /* Release */ = {
			isa = XCBuildConfiguration;
			buildSettings = {
				BUNDLE_LOADER = "$(TEST_HOST)";
				FRAMEWORK_SEARCH_PATHS = (
					"$(SDKROOT)/Developer/Library/Frameworks",
					"$(inherited)",
				);
				INFOPLIST_FILE = AudioFilesTests/Info.plist;
				LD_RUNPATH_SEARCH_PATHS = "$(inherited) @executable_path/Frameworks @loader_path/Frameworks";
				PRODUCT_NAME = "$(TARGET_NAME)";
				TEST_HOST = "$(BUILT_PRODUCTS_DIR)/AudioFiles.app/AudioFiles";
			};
			name = Release;
		};
/* End XCBuildConfiguration section */

/* Begin XCConfigurationList section */
		772C8F751A1B8C9200162C47 /* Build configuration list for PBXProject "AudioFiles" */ = {
			isa = XCConfigurationList;
			buildConfigurations = (
				772C8F9B1A1B8C9200162C47 /* Debug */,
				772C8F9C1A1B8C9200162C47 /* Release */,
			);
			defaultConfigurationIsVisible = 0;
			defaultConfigurationName = Release;
		};
		772C8F9D1A1B8C9200162C47 /* Build configuration list for PBXNativeTarget "AudioFiles" */ = {
			isa = XCConfigurationList;
			buildConfigurations = (
				772C8F9E1A1B8C9200162C47 /* Debug */,
				772C8F9F1A1B8C9200162C47 /* Release */,
			);
			defaultConfigurationIsVisible = 0;
			defaultConfigurationName = Release;
		};
		772C8FA01A1B8C9200162C47 /* Build configuration list for PBXNativeTarget "AudioFilesTests" */ = {
			isa = XCConfigurationList;
			buildConfigurations = (
				772C8FA11A1B8C9200162C47 /* Debug */,
				772C8FA21A1B8C9200162C47 /* Release */,
			);
			defaultConfigurationIsVisible = 0;
			defaultConfigurationName = Release;
		};
/* End XCConfigurationList section */
	};
	rootObject = 772C8F721A1B8C9200162C47 /* Project object */;
}
